{
  "requires": true,
  "lockfileVersion": 1,
  "dependencies": {
    "js-tokens": {
      "version": "4.0.0",
      "resolved": "https://registry.npmjs.org/js-tokens/-/js-tokens-4.0.0.tgz",
      "integrity": "sha512-RdJUflcE3cUzKiMqQgsCu06FPu9UdIJO0beYbPhHN4k6apgJtifcoCtT9bcxOpYBtpD2kCM6Sbzg4CausW/PKQ=="
    },
    "lodash.merge": {
      "version": "4.6.1",
      "resolved": "https://registry.npmjs.org/lodash.merge/-/lodash.merge-4.6.1.tgz",
      "integrity": "sha512-AOYza4+Hf5z1/0Hztxpm2/xiPZgi/cjMqdnKTUWTBSKchJlxXXuUSxCCl8rJlf4g6yww/j6mA8nC8Hw/EZWxKQ=="
    },
    "lodash.times": {
      "version": "4.3.2",
      "resolved": "https://registry.npmjs.org/lodash.times/-/lodash.times-4.3.2.tgz",
      "integrity": "sha1-Ph8lZcQxdU1Uq1fy7RdBk5KFyh0="
    },
    "loose-envify": {
      "version": "1.4.0",
      "resolved": "https://registry.npmjs.org/loose-envify/-/loose-envify-1.4.0.tgz",
      "integrity": "sha512-lyuxPGr/Wfhrlem2CL/UcnUc1zcqKAImBDzukY7Y5F/yQiNdko6+fRLevlw1HgMySw7f611UIY408EtxRSoK3Q==",
      "requires": {
        "js-tokens": "^3.0.0 || ^4.0.0"
      }
    },
    "object-assign": {
      "version": "4.1.1",
      "resolved": "https://registry.npmjs.org/object-assign/-/object-assign-4.1.1.tgz",
      "integrity": "sha1-IQmtx5ZYh8/AXLvUQsrIv7s2CGM="
    },
    "opencollective-postinstall": {
      "version": "2.0.1",
      "resolved": "https://registry.npmjs.org/opencollective-postinstall/-/opencollective-postinstall-2.0.1.tgz",
      "integrity": "sha512-saQQ9hjLwu/oS0492eyYotoh+bra1819cfAT5rjY/e4REWwuc8IgZ844Oo44SiftWcJuBiqp0SA0BFVbmLX0IQ=="
    },
    "prop-types": {
      "version": "15.6.2",
      "resolved": "https://registry.npmjs.org/prop-types/-/prop-types-15.6.2.tgz",
      "integrity": "sha512-3pboPvLiWD7dkI3qf3KbUe6hKFKa52w+AE0VCqECtf+QHAKgOL37tTaNCnuX1nAAQ4ZhyP+kYVKf8rLmJ/feDQ==",
      "requires": {
        "loose-envify": "^1.3.1",
        "object-assign": "^4.1.1"
      }
    },
    "react-native-elements": {
      "version": "1.0.0-beta7",
      "resolved": "https://registry.npmjs.org/react-native-elements/-/react-native-elements-1.0.0-beta7.tgz",
      "integrity": "sha512-w89YVfF7own1V3RgHDj6EAofk3mYdL9Z28OolxphFce2mv2k/peFEII7x0S6LyQ7rcT3QaxWDlyP7AS4d8duGg==",
      "requires": {
        "lodash.merge": "^4.6.1",
        "lodash.times": "^4.3.2",
        "opencollective-postinstall": "^2.0.0",
        "prop-types": "^15.5.8"
      }
    }
  }
}
